
Microsoft Visual Studio Solution File, Format Version 12.00
# Visual Studio Version 17
VisualStudioVersion = 17.1.32210.238
MinimumVisualStudioVersion = 10.0.40219.1
Project("{2150E333-8FDC-42A3-9474-1A3956D46DE8}") = "Applications", "Applications", "{149B7FC2-851D-4B7A-B8C0-14607156FE7D}"
EndProject
Project("{2150E333-8FDC-42A3-9474-1A3956D46DE8}") = "DataStructures", "DataStructures", "{7F3EDFA8-4033-47F3-8051-84F9AB274616}"
EndProject
Project("{2150E333-8FDC-42A3-9474-1A3956D46DE8}") = "Tests", "Tests", "{443C3A2F-ACC2-44BF-906D-0182A219B7CD}"
EndProject
Project("{2150E333-8FDC-42A3-9474-1A3956D46DE8}") = "UI", "UI", "{5C397089-6742-4DEE-8642-6F29BB3FCC45}"
EndProject
Project("{9A19103F-16F7-4668-BE54-9A1E7A4F7556}") = "ValueAndRefType", "ValueAndRefType\ValueAndRefType.csproj", "{1A62FEBB-8B85-41C9-B86B-4AA86A7D5685}"
EndProject
Project("{2150E333-8FDC-42A3-9474-1A3956D46DE8}") = "ApplicationTests", "ApplicationTests", "{B52536DF-4499-493E-A425-2B7FEE49D943}"
EndProject
Project("{9A19103F-16F7-4668-BE54-9A1E7A4F7556}") = "ArrayTests", "ArrayTests\ArrayTests.csproj", "{B46DB465-CA3A-4DFB-9BE3-D0F9A845FCE9}"
EndProject
Project("{9A19103F-16F7-4668-BE54-9A1E7A4F7556}") = "CheckOutKeywordTests", "CheckOutKeywordTests\CheckOutKeywordTests.csproj", "{3878CD15-5B31-450E-BEA7-4CC019830B6B}"
EndProject
Project("{9A19103F-16F7-4668-BE54-9A1E7A4F7556}") = "SwapByValueAndReferenceTest", "SwapByValueAndReferenceTest\SwapByValueAndReferenceTest.csproj", "{3A7AD9A5-6778-456B-B791-212451FCA7B6}"
EndProject
Project("{9A19103F-16F7-4668-BE54-9A1E7A4F7556}") = "TheLimitOfDataTypes", "TheLimitOfDataTypes\TheLimitOfDataTypes.csproj", "{0C34C22A-A305-4FE6-A8FB-22C7CEF71584}"
EndProject
Project("{9A19103F-16F7-4668-BE54-9A1E7A4F7556}") = "ValueAndReferenceTypesTests", "ValueAndReferenceTypesTests\ValueAndReferenceTypesTests.csproj", "{4C785CCE-CD49-48FE-ABCF-A841B796A402}"
EndProject
Project("{9A19103F-16F7-4668-BE54-9A1E7A4F7556}") = "Arrray", "Arrray\Arrray.csproj", "{C6FD0831-E375-4C1E-A2FC-46DA90F3C1A9}"
EndProject
Project("{9A19103F-16F7-4668-BE54-9A1E7A4F7556}") = "ValueAndReferenceTypes", "ValueAndReferenceTypes\ValueAndReferenceTypes.csproj", "{6B3D893F-5B96-45E3-8F68-4A2D8F9C3162}"
EndProject
Project("{FAE04EC0-301F-11D3-BF4B-00C04F79EFBC}") = "ArrayApp", "ArrayApp\ArrayApp.csproj", "{ACD59560-7648-4CAF-A0F5-645FC0FECBCA}"
EndProject
Global
	GlobalSection(SolutionConfigurationPlatforms) = preSolution
		Debug|Any CPU = Debug|Any CPU
		Release|Any CPU = Release|Any CPU
	EndGlobalSection
	GlobalSection(ProjectConfigurationPlatforms) = postSolution
		{1A62FEBB-8B85-41C9-B86B-4AA86A7D5685}.Debug|Any CPU.ActiveCfg = Debug|Any CPU
		{1A62FEBB-8B85-41C9-B86B-4AA86A7D5685}.Debug|Any CPU.Build.0 = Debug|Any CPU
		{1A62FEBB-8B85-41C9-B86B-4AA86A7D5685}.Release|Any CPU.ActiveCfg = Release|Any CPU
		{1A62FEBB-8B85-41C9-B86B-4AA86A7D5685}.Release|Any CPU.Build.0 = Release|Any CPU
		{B46DB465-CA3A-4DFB-9BE3-D0F9A845FCE9}.Debug|Any CPU.ActiveCfg = Debug|Any CPU
		{B46DB465-CA3A-4DFB-9BE3-D0F9A845FCE9}.Debug|Any CPU.Build.0 = Debug|Any CPU
		{B46DB465-CA3A-4DFB-9BE3-D0F9A845FCE9}.Release|Any CPU.ActiveCfg = Release|Any CPU
		{B46DB465-CA3A-4DFB-9BE3-D0F9A845FCE9}.Release|Any CPU.Build.0 = Release|Any CPU
		{3878CD15-5B31-450E-BEA7-4CC019830B6B}.Debug|Any CPU.ActiveCfg = Debug|Any CPU
		{3878CD15-5B31-450E-BEA7-4CC019830B6B}.Debug|Any CPU.Build.0 = Debug|Any CPU
		{3878CD15-5B31-450E-BEA7-4CC019830B6B}.Release|Any CPU.ActiveCfg = Release|Any CPU
		{3878CD15-5B31-450E-BEA7-4CC019830B6B}.Release|Any CPU.Build.0 = Release|Any CPU
		{3A7AD9A5-6778-456B-B791-212451FCA7B6}.Debug|Any CPU.ActiveCfg = Debug|Any CPU
		{3A7AD9A5-6778-456B-B791-212451FCA7B6}.Debug|Any CPU.Build.0 = Debug|Any CPU
		{3A7AD9A5-6778-456B-B791-212451FCA7B6}.Release|Any CPU.ActiveCfg = Release|Any CPU
		{3A7AD9A5-6778-456B-B791-212451FCA7B6}.Release|Any CPU.Build.0 = Release|Any CPU
		{0C34C22A-A305-4FE6-A8FB-22C7CEF71584}.Debug|Any CPU.ActiveCfg = Debug|Any CPU
		{0C34C22A-A305-4FE6-A8FB-22C7CEF71584}.Debug|Any CPU.Build.0 = Debug|Any CPU
		{0C34C22A-A305-4FE6-A8FB-22C7CEF71584}.Release|Any CPU.ActiveCfg = Release|Any CPU
		{0C34C22A-A305-4FE6-A8FB-22C7CEF71584}.Release|Any CPU.Build.0 = Release|Any CPU
		{4C785CCE-CD49-48FE-ABCF-A841B796A402}.Debug|Any CPU.ActiveCfg = Debug|Any CPU
		{4C785CCE-CD49-48FE-ABCF-A841B796A402}.Debug|Any CPU.Build.0 = Debug|Any CPU
		{4C785CCE-CD49-48FE-ABCF-A841B796A402}.Release|Any CPU.ActiveCfg = Release|Any CPU
		{4C785CCE-CD49-48FE-ABCF-A841B796A402}.Release|Any CPU.Build.0 = Release|Any CPU
		{C6FD0831-E375-4C1E-A2FC-46DA90F3C1A9}.Debug|Any CPU.ActiveCfg = Debug|Any CPU
		{C6FD0831-E375-4C1E-A2FC-46DA90F3C1A9}.Debug|Any CPU.Build.0 = Debug|Any CPU
		{C6FD0831-E375-4C1E-A2FC-46DA90F3C1A9}.Release|Any CPU.ActiveCfg = Release|Any CPU
		{C6FD0831-E375-4C1E-A2FC-46DA90F3C1A9}.Release|Any CPU.Build.0 = Release|Any CPU
		{6B3D893F-5B96-45E3-8F68-4A2D8F9C3162}.Debug|Any CPU.ActiveCfg = Debug|Any CPU
		{6B3D893F-5B96-45E3-8F68-4A2D8F9C3162}.Debug|Any CPU.Build.0 = Debug|Any CPU
		{6B3D893F-5B96-45E3-8F68-4A2D8F9C3162}.Release|Any CPU.ActiveCfg = Release|Any CPU
		{6B3D893F-5B96-45E3-8F68-4A2D8F9C3162}.Release|Any CPU.Build.0 = Release|Any CPU
		{ACD59560-7648-4CAF-A0F5-645FC0FECBCA}.Debug|Any CPU.ActiveCfg = Debug|Any CPU
		{ACD59560-7648-4CAF-A0F5-645FC0FECBCA}.Debug|Any CPU.Build.0 = Debug|Any CPU
		{ACD59560-7648-4CAF-A0F5-645FC0FECBCA}.Release|Any CPU.ActiveCfg = Release|Any CPU
		{ACD59560-7648-4CAF-A0F5-645FC0FECBCA}.Release|Any CPU.Build.0 = Release|Any CPU
	EndGlobalSection
	GlobalSection(SolutionProperties) = preSolution
		HideSolutionNode = FALSE
	EndGlobalSection
	GlobalSection(NestedProjects) = preSolution
		{1A62FEBB-8B85-41C9-B86B-4AA86A7D5685} = {5C397089-6742-4DEE-8642-6F29BB3FCC45}
		{B52536DF-4499-493E-A425-2B7FEE49D943} = {443C3A2F-ACC2-44BF-906D-0182A219B7CD}
		{B46DB465-CA3A-4DFB-9BE3-D0F9A845FCE9} = {B52536DF-4499-493E-A425-2B7FEE49D943}
		{3878CD15-5B31-450E-BEA7-4CC019830B6B} = {B52536DF-4499-493E-A425-2B7FEE49D943}
		{3A7AD9A5-6778-456B-B791-212451FCA7B6} = {B52536DF-4499-493E-A425-2B7FEE49D943}
		{0C34C22A-A305-4FE6-A8FB-22C7CEF71584} = {B52536DF-4499-493E-A425-2B7FEE49D943}
		{4C785CCE-CD49-48FE-ABCF-A841B796A402} = {B52536DF-4499-493E-A425-2B7FEE49D943}
		{C6FD0831-E375-4C1E-A2FC-46DA90F3C1A9} = {7F3EDFA8-4033-47F3-8051-84F9AB274616}
		{6B3D893F-5B96-45E3-8F68-4A2D8F9C3162} = {7F3EDFA8-4033-47F3-8051-84F9AB274616}
		{ACD59560-7648-4CAF-A0F5-645FC0FECBCA} = {5C397089-6742-4DEE-8642-6F29BB3FCC45}
	EndGlobalSection
	GlobalSection(ExtensibilityGlobals) = postSolution
		SolutionGuid = {B9078B58-AA48-4C3C-AC83-C92C93B1EC59}
	EndGlobalSection
EndGlobal
